
Microsoft Visual Studio Solution File, Format Version 12.00
# Visual Studio Version 17
VisualStudioVersion = 17.3.32804.467
MinimumVisualStudioVersion = 10.0.40219.1
Project("{9A19103F-16F7-4668-BE54-9A1E7A4F7556}") = "BO", "BO\BO.csproj", "{0A3D5721-05A7-482E-9830-BD26B5DC3A6C}"
EndProject
Project("{FAE04EC0-301F-11D3-BF4B-00C04F79EFBC}") = "CoreIntecWeb", "CoreIntecWeb\CoreIntecWeb.csproj", "{B5016542-C8C7-4398-94A2-4E7250E337EB}"
EndProject
Global
	GlobalSection(SolutionConfigurationPlatforms) = preSolution
		Debug|Any CPU = Debug|Any CPU
		Release|Any CPU = Release|Any CPU
	EndGlobalSection
	GlobalSection(ProjectConfigurationPlatforms) = postSolution
		{0A3D5721-05A7-482E-9830-BD26B5DC3A6C}.Debug|Any CPU.ActiveCfg = Debug|Any CPU
		{0A3D5721-05A7-482E-9830-BD26B5DC3A6C}.Debug|Any CPU.Build.0 = Debug|Any CPU
		{0A3D5721-05A7-482E-9830-BD26B5DC3A6C}.Release|Any CPU.ActiveCfg = Release|Any CPU
		{0A3D5721-05A7-482E-9830-BD26B5DC3A6C}.Release|Any CPU.Build.0 = Release|Any CPU
		{B5016542-C8C7-4398-94A2-4E7250E337EB}.Debug|Any CPU.ActiveCfg = Debug|Any CPU
		{B5016542-C8C7-4398-94A2-4E7250E337EB}.Debug|Any CPU.Build.0 = Debug|Any CPU
		{B5016542-C8C7-4398-94A2-4E7250E337EB}.Release|Any CPU.ActiveCfg = Release|Any CPU
		{B5016542-C8C7-4398-94A2-4E7250E337EB}.Release|Any CPU.Build.0 = Release|Any CPU
	EndGlobalSection
	GlobalSection(SolutionProperties) = preSolution
		HideSolutionNode = FALSE
	EndGlobalSection
	GlobalSection(ExtensibilityGlobals) = postSolution
		SolutionGuid = {33A95103-13FB-405A-9AB6-91A2935FDE92}
	EndGlobalSection
EndGlobal
